
Microsoft Visual Studio Solution File, Format Version 12.00
# Visual Studio 15
VisualStudioVersion = 15.0.28307.757
MinimumVisualStudioVersion = 10.0.40219.1
Project("{FAE04EC0-301F-11D3-BF4B-00C04F79EFBC}") = "ColaborativoGit", "ColaborativoGit\ColaborativoGit.csproj", "{BB102985-B938-4801-A241-741EC726350E}"
EndProject
Global
	GlobalSection(SolutionConfigurationPlatforms) = preSolution
		Debug|Any CPU = Debug|Any CPU
		Release|Any CPU = Release|Any CPU
	EndGlobalSection
	GlobalSection(ProjectConfigurationPlatforms) = postSolution
		{BB102985-B938-4801-A241-741EC726350E}.Debug|Any CPU.ActiveCfg = Debug|Any CPU
		{BB102985-B938-4801-A241-741EC726350E}.Debug|Any CPU.Build.0 = Debug|Any CPU
		{BB102985-B938-4801-A241-741EC726350E}.Release|Any CPU.ActiveCfg = Release|Any CPU
		{BB102985-B938-4801-A241-741EC726350E}.Release|Any CPU.Build.0 = Release|Any CPU
	EndGlobalSection
	GlobalSection(SolutionProperties) = preSolution
		HideSolutionNode = FALSE
	EndGlobalSection
	GlobalSection(ExtensibilityGlobals) = postSolution
		SolutionGuid = {80963631-16FC-4926-AE3F-6FD630E3FDEE}
	EndGlobalSection
EndGlobal
